
Microsoft Visual Studio Solution File, Format Version 12.00
# Visual Studio Version 17
VisualStudioVersion = 17.3.32922.545
MinimumVisualStudioVersion = 10.0.40219.1
Project("{FAE04EC0-301F-11D3-BF4B-00C04F79EFBC}") = "TiendaMascotas_API", "TiendaMascotas_API\TiendaMascotas_API.csproj", "{FA2A0994-D54C-44FE-9E24-E2624890762C}"
EndProject
Global
	GlobalSection(SolutionConfigurationPlatforms) = preSolution
		Debug|Any CPU = Debug|Any CPU
		Release|Any CPU = Release|Any CPU
	EndGlobalSection
	GlobalSection(ProjectConfigurationPlatforms) = postSolution
		{FA2A0994-D54C-44FE-9E24-E2624890762C}.Debug|Any CPU.ActiveCfg = Debug|Any CPU
		{FA2A0994-D54C-44FE-9E24-E2624890762C}.Debug|Any CPU.Build.0 = Debug|Any CPU
		{FA2A0994-D54C-44FE-9E24-E2624890762C}.Release|Any CPU.ActiveCfg = Release|Any CPU
		{FA2A0994-D54C-44FE-9E24-E2624890762C}.Release|Any CPU.Build.0 = Release|Any CPU
	EndGlobalSection
	GlobalSection(SolutionProperties) = preSolution
		HideSolutionNode = FALSE
	EndGlobalSection
	GlobalSection(ExtensibilityGlobals) = postSolution
		SolutionGuid = {545B1B83-B86B-4F07-9891-0C5077BAE00A}
	EndGlobalSection
EndGlobal
